// !$*UTF8*$!
{
	archiveVersion = 1;
	classes = {
	};
	objectVersion = 51;
	objects = {

/* Begin PBXBuildFile section */
		AE2A75050EAEB8CF65E0258E /* Pods_SocialX.framework in Frameworks */ = {isa = PBXBuildFile; fileRef = E6AFDBB42AA1905F11ECF1DA /* Pods_SocialX.framework */; };
		D8072C8227094E050052E1D7 /* GoogleService-Info.plist in Resources */ = {isa = PBXBuildFile; fileRef = D8072C8127094E050052E1D7 /* GoogleService-Info.plist */; };
		D80C1B2E2702AA170024487E /* MainPageViewController.swift in Sources */ = {isa = PBXBuildFile; fileRef = D80C1B2D2702AA170024487E /* MainPageViewController.swift */; };
		D8193C58270045E2001FCDAC /* SignInViewController.swift in Sources */ = {isa = PBXBuildFile; fileRef = D8193C57270045E2001FCDAC /* SignInViewController.swift */; };
		D8193C5A270045FB001FCDAC /* RegistrationViewController.swift in Sources */ = {isa = PBXBuildFile; fileRef = D8193C59270045FB001FCDAC /* RegistrationViewController.swift */; };
		D8193C5C270048C9001FCDAC /* Utilities.swift in Sources */ = {isa = PBXBuildFile; fileRef = D8193C5B270048C9001FCDAC /* Utilities.swift */; };
		D81E128426FD9A5000D90680 /* AppDelegate.swift in Sources */ = {isa = PBXBuildFile; fileRef = D81E128326FD9A5000D90680 /* AppDelegate.swift */; };
		D81E128626FD9A5000D90680 /* SceneDelegate.swift in Sources */ = {isa = PBXBuildFile; fileRef = D81E128526FD9A5000D90680 /* SceneDelegate.swift */; };
		D81E128B26FD9A5000D90680 /* Main.storyboard in Resources */ = {isa = PBXBuildFile; fileRef = D81E128926FD9A5000D90680 /* Main.storyboard */; };
		D81E128D26FD9A5200D90680 /* Assets.xcassets in Resources */ = {isa = PBXBuildFile; fileRef = D81E128C26FD9A5200D90680 /* Assets.xcassets */; };
		D81E129026FD9A5200D90680 /* LaunchScreen.storyboard in Resources */ = {isa = PBXBuildFile; fileRef = D81E128E26FD9A5200D90680 /* LaunchScreen.storyboard */; };
		D85973AC27224F570023BC20 /* ProfilePageViewController.swift in Sources */ = {isa = PBXBuildFile; fileRef = D85973AB27224F570023BC20 /* ProfilePageViewController.swift */; };
		D85D56C6272351BA0009D8D6 /* ExplorePageViewController.swift in Sources */ = {isa = PBXBuildFile; fileRef = D85D56C5272351BA0009D8D6 /* ExplorePageViewController.swift */; };
		D86A6B3627096A3E0005F832 /* Constants.swift in Sources */ = {isa = PBXBuildFile; fileRef = D86A6B3527096A3E0005F832 /* Constants.swift */; };
		D8827E2F270C21F200D89737 /* FirebaseUser.swift in Sources */ = {isa = PBXBuildFile; fileRef = D8827E2E270C21F200D89737 /* FirebaseUser.swift */; };
/* End PBXBuildFile section */

/* Begin PBXFileReference section */
		4BCD6D02AF0A2EF230164CA3 /* Pods-SocialX.debug.xcconfig */ = {isa = PBXFileReference; includeInIndex = 1; lastKnownFileType = text.xcconfig; name = "Pods-SocialX.debug.xcconfig"; path = "Target Support Files/Pods-SocialX/Pods-SocialX.debug.xcconfig"; sourceTree = "<group>"; };
		D8072C8127094E050052E1D7 /* GoogleService-Info.plist */ = {isa = PBXFileReference; fileEncoding = 4; lastKnownFileType = text.plist.xml; path = "GoogleService-Info.plist"; sourceTree = "<group>"; };
		D80C1B2D2702AA170024487E /* MainPageViewController.swift */ = {isa = PBXFileReference; lastKnownFileType = sourcecode.swift; path = MainPageViewController.swift; sourceTree = "<group>"; };
		D8193C57270045E2001FCDAC /* SignInViewController.swift */ = {isa = PBXFileReference; lastKnownFileType = sourcecode.swift; path = SignInViewController.swift; sourceTree = "<group>"; };
		D8193C59270045FB001FCDAC /* RegistrationViewController.swift */ = {isa = PBXFileReference; lastKnownFileType = sourcecode.swift; path = RegistrationViewController.swift; sourceTree = "<group>"; };
		D8193C5B270048C9001FCDAC /* Utilities.swift */ = {isa = PBXFileReference; lastKnownFileType = sourcecode.swift; path = Utilities.swift; sourceTree = "<group>"; };
		D81E128026FD9A5000D90680 /* SocialX.app */ = {isa = PBXFileReference; explicitFileType = wrapper.application; includeInIndex = 0; path = SocialX.app; sourceTree = BUILT_PRODUCTS_DIR; };
		D81E128326FD9A5000D90680 /* AppDelegate.swift */ = {isa = PBXFileReference; lastKnownFileType = sourcecode.swift; path = AppDelegate.swift; sourceTree = "<group>"; };
		D81E128526FD9A5000D90680 /* SceneDelegate.swift */ = {isa = PBXFileReference; lastKnownFileType = sourcecode.swift; path = SceneDelegate.swift; sourceTree = "<group>"; };
		D81E128A26FD9A5000D90680 /* Base */ = {isa = PBXFileReference; lastKnownFileType = file.storyboard; name = Base; path = Base.lproj/Main.storyboard; sourceTree = "<group>"; };
		D81E128C26FD9A5200D90680 /* Assets.xcassets */ = {isa = PBXFileReference; lastKnownFileType = folder.assetcatalog; path = Assets.xcassets; sourceTree = "<group>"; };
		D81E128F26FD9A5200D90680 /* Base */ = {isa = PBXFileReference; lastKnownFileType = file.storyboard; name = Base; path = Base.lproj/LaunchScreen.storyboard; sourceTree = "<group>"; };
		D81E129126FD9A5200D90680 /* Info.plist */ = {isa = PBXFileReference; lastKnownFileType = text.plist.xml; path = Info.plist; sourceTree = "<group>"; };
		D85973AB27224F570023BC20 /* ProfilePageViewController.swift */ = {isa = PBXFileReference; lastKnownFileType = sourcecode.swift; path = ProfilePageViewController.swift; sourceTree = "<group>"; };
		D85D56C5272351BA0009D8D6 /* ExplorePageViewController.swift */ = {isa = PBXFileReference; lastKnownFileType = sourcecode.swift; name = ExplorePageViewController.swift; path = SocialX/Controllers/ExplorePageViewController.swift; sourceTree = SOURCE_ROOT; };
		D86A6B3527096A3E0005F832 /* Constants.swift */ = {isa = PBXFileReference; lastKnownFileType = sourcecode.swift; path = Constants.swift; sourceTree = "<group>"; };
		D8827E2E270C21F200D89737 /* FirebaseUser.swift */ = {isa = PBXFileReference; lastKnownFileType = sourcecode.swift; path = FirebaseUser.swift; sourceTree = "<group>"; };
		E5C5AD06271C2BAA1FABBC4B /* Pods-SocialX.release.xcconfig */ = {isa = PBXFileReference; includeInIndex = 1; lastKnownFileType = text.xcconfig; name = "Pods-SocialX.release.xcconfig"; path = "Target Support Files/Pods-SocialX/Pods-SocialX.release.xcconfig"; sourceTree = "<group>"; };
		E6AFDBB42AA1905F11ECF1DA /* Pods_SocialX.framework */ = {isa = PBXFileReference; explicitFileType = wrapper.framework; includeInIndex = 0; path = Pods_SocialX.framework; sourceTree = BUILT_PRODUCTS_DIR; };
/* End PBXFileReference section */

/* Begin PBXFrameworksBuildPhase section */
		D81E127D26FD9A5000D90680 /* Frameworks */ = {
			isa = PBXFrameworksBuildPhase;
			buildActionMask = 2147483647;
			files = (
				AE2A75050EAEB8CF65E0258E /* Pods_SocialX.framework in Frameworks */,
			);
			runOnlyForDeploymentPostprocessing = 0;
		};
/* End PBXFrameworksBuildPhase section */

/* Begin PBXGroup section */
		208157E73B46B8B5F3E4DF18 /* Frameworks */ = {
			isa = PBXGroup;
			children = (
				E6AFDBB42AA1905F11ECF1DA /* Pods_SocialX.framework */,
			);
			name = Frameworks;
			sourceTree = "<group>";
		};
		C9AEBBE54DCB4FD489727CF9 /* Pods */ = {
			isa = PBXGroup;
			children = (
				4BCD6D02AF0A2EF230164CA3 /* Pods-SocialX.debug.xcconfig */,
				E5C5AD06271C2BAA1FABBC4B /* Pods-SocialX.release.xcconfig */,
			);
			path = Pods;
			sourceTree = "<group>";
		};
		D80C1B2F2702BA550024487E /* Controllers */ = {
			isa = PBXGroup;
			children = (
				D85D56C5272351BA0009D8D6 /* ExplorePageViewController.swift */,
				D80C1B2D2702AA170024487E /* MainPageViewController.swift */,
				D8193C57270045E2001FCDAC /* SignInViewController.swift */,
				D8193C59270045FB001FCDAC /* RegistrationViewController.swift */,
				D85973AB27224F570023BC20 /* ProfilePageViewController.swift */,
			);
			path = Controllers;
			sourceTree = "<group>";
		};
		D80C1B322702BB050024487E /* Models */ = {
			isa = PBXGroup;
			children = (
				D8193C5B270048C9001FCDAC /* Utilities.swift */,
				D86A6B3527096A3E0005F832 /* Constants.swift */,
				D8827E2E270C21F200D89737 /* FirebaseUser.swift */,
			);
			path = Models;
			sourceTree = "<group>";
		};
		D80C1B332702BB440024487E /* Base */ = {
			isa = PBXGroup;
			children = (
				D81E128E26FD9A5200D90680 /* LaunchScreen.storyboard */,
			);
			path = Base;
			sourceTree = "<group>";
		};
		D80C1B342702BB830024487E /* View */ = {
			isa = PBXGroup;
			children = (
				D81E128926FD9A5000D90680 /* Main.storyboard */,
			);
			path = View;
			sourceTree = "<group>";
		};
		D81E127726FD9A5000D90680 = {
			isa = PBXGroup;
			children = (
				D81E128226FD9A5000D90680 /* SocialX */,
				D81E128126FD9A5000D90680 /* Products */,
				C9AEBBE54DCB4FD489727CF9 /* Pods */,
				208157E73B46B8B5F3E4DF18 /* Frameworks */,
			);
			sourceTree = "<group>";
		};
		D81E128126FD9A5000D90680 /* Products */ = {
			isa = PBXGroup;
			children = (
				D81E128026FD9A5000D90680 /* SocialX.app */,
			);
			name = Products;
			sourceTree = "<group>";
		};
		D81E128226FD9A5000D90680 /* SocialX */ = {
			isa = PBXGroup;
			children = (
				D80C1B332702BB440024487E /* Base */,
				D81E128C26FD9A5200D90680 /* Assets.xcassets */,
				D80C1B2F2702BA550024487E /* Controllers */,
				D80C1B322702BB050024487E /* Models */,
				D80C1B342702BB830024487E /* View */,
				D81E128326FD9A5000D90680 /* AppDelegate.swift */,
				D8072C8127094E050052E1D7 /* GoogleService-Info.plist */,
				D81E129126FD9A5200D90680 /* Info.plist */,
				D81E128526FD9A5000D90680 /* SceneDelegate.swift */,
			);
			path = SocialX;
			sourceTree = "<group>";
		};
/* End PBXGroup section */

/* Begin PBXNativeTarget section */
		D81E127F26FD9A5000D90680 /* SocialX */ = {
			isa = PBXNativeTarget;
			buildConfigurationList = D81E129426FD9A5200D90680 /* Build configuration list for PBXNativeTarget "SocialX" */;
			buildPhases = (
				ADF12CCE74D5B92FC775746E /* [CP] Check Pods Manifest.lock */,
				D81E127C26FD9A5000D90680 /* Sources */,
				D81E127D26FD9A5000D90680 /* Frameworks */,
				D81E127E26FD9A5000D90680 /* Resources */,
				EC4BC21709BECD756876D2C8 /* [CP] Embed Pods Frameworks */,
			);
			buildRules = (
			);
			dependencies = (
			);
			name = SocialX;
			productName = SocialX;
			productReference = D81E128026FD9A5000D90680 /* SocialX.app */;
			productType = "com.apple.product-type.application";
		};
/* End PBXNativeTarget section */

/* Begin PBXProject section */
		D81E127826FD9A5000D90680 /* Project object */ = {
			isa = PBXProject;
			attributes = {
				LastSwiftUpdateCheck = 1160;
				LastUpgradeCheck = 1160;
				ORGANIZATIONNAME = "Nathan Rowe";
				TargetAttributes = {
					D81E127F26FD9A5000D90680 = {
						CreatedOnToolsVersion = 11.6;
					};
				};
			};
			buildConfigurationList = D81E127B26FD9A5000D90680 /* Build configuration list for PBXProject "SocialX" */;
			compatibilityVersion = "Xcode 9.3";
			developmentRegion = en;
			hasScannedForEncodings = 0;
			knownRegions = (
				en,
				Base,
			);
			mainGroup = D81E127726FD9A5000D90680;
			productRefGroup = D81E128126FD9A5000D90680 /* Products */;
			projectDirPath = "";
			projectRoot = "";
			targets = (
				D81E127F26FD9A5000D90680 /* SocialX */,
			);
		};
/* End PBXProject section */

/* Begin PBXResourcesBuildPhase section */
		D81E127E26FD9A5000D90680 /* Resources */ = {
			isa = PBXResourcesBuildPhase;
			buildActionMask = 2147483647;
			files = (
				D81E129026FD9A5200D90680 /* LaunchScreen.storyboard in Resources */,
				D8072C8227094E050052E1D7 /* GoogleService-Info.plist in Resources */,
				D81E128D26FD9A5200D90680 /* Assets.xcassets in Resources */,
				D81E128B26FD9A5000D90680 /* Main.storyboard in Resources */,
			);
			runOnlyForDeploymentPostprocessing = 0;
		};
/* End PBXResourcesBuildPhase section */

/* Begin PBXShellScriptBuildPhase section */
		ADF12CCE74D5B92FC775746E /* [CP] Check Pods Manifest.lock */ = {
			isa = PBXShellScriptBuildPhase;
			buildActionMask = 2147483647;
			files = (
			);
			inputFileListPaths = (
			);
			inputPaths = (
				"${PODS_PODFILE_DIR_PATH}/Podfile.lock",
				"${PODS_ROOT}/Manifest.lock",
			);
			name = "[CP] Check Pods Manifest.lock";
			outputFileListPaths = (
			);
			outputPaths = (
				"$(DERIVED_FILE_DIR)/Pods-SocialX-checkManifestLockResult.txt",
			);
			runOnlyForDeploymentPostprocessing = 0;
			shellPath = /bin/sh;
			shellScript = "diff \"${PODS_PODFILE_DIR_PATH}/Podfile.lock\" \"${PODS_ROOT}/Manifest.lock\" > /dev/null\nif [ $? != 0 ] ; then\n    # print error to STDERR\n    echo \"error: The sandbox is not in sync with the Podfile.lock. Run 'pod install' or update your CocoaPods installation.\" >&2\n    exit 1\nfi\n# This output is used by Xcode 'outputs' to avoid re-running this script phase.\necho \"SUCCESS\" > \"${SCRIPT_OUTPUT_FILE_0}\"\n";
			showEnvVarsInLog = 0;
		};
		EC4BC21709BECD756876D2C8 /* [CP] Embed Pods Frameworks */ = {
			isa = PBXShellScriptBuildPhase;
			buildActionMask = 2147483647;
			files = (
			);
			inputFileListPaths = (
				"${PODS_ROOT}/Target Support Files/Pods-SocialX/Pods-SocialX-frameworks-${CONFIGURATION}-input-files.xcfilelist",
			);
			name = "[CP] Embed Pods Frameworks";
			outputFileListPaths = (
				"${PODS_ROOT}/Target Support Files/Pods-SocialX/Pods-SocialX-frameworks-${CONFIGURATION}-output-files.xcfilelist",
			);
			runOnlyForDeploymentPostprocessing = 0;
			shellPath = /bin/sh;
			shellScript = "\"${PODS_ROOT}/Target Support Files/Pods-SocialX/Pods-SocialX-frameworks.sh\"\n";
			showEnvVarsInLog = 0;
		};
/* End PBXShellScriptBuildPhase section */

/* Begin PBXSourcesBuildPhase section */
		D81E127C26FD9A5000D90680 /* Sources */ = {
			isa = PBXSourcesBuildPhase;
			buildActionMask = 2147483647;
			files = (
				D81E128426FD9A5000D90680 /* AppDelegate.swift in Sources */,
				D81E128626FD9A5000D90680 /* SceneDelegate.swift in Sources */,
				D8193C5A270045FB001FCDAC /* RegistrationViewController.swift in Sources */,
				D86A6B3627096A3E0005F832 /* Constants.swift in Sources */,
				D85973AC27224F570023BC20 /* ProfilePageViewController.swift in Sources */,
				D85D56C6272351BA0009D8D6 /* ExplorePageViewController.swift in Sources */,
				D8193C5C270048C9001FCDAC /* Utilities.swift in Sources */,
				D8827E2F270C21F200D89737 /* FirebaseUser.swift in Sources */,
				D80C1B2E2702AA170024487E /* MainPageViewController.swift in Sources */,
				D8193C58270045E2001FCDAC /* SignInViewController.swift in Sources */,
			);
			runOnlyForDeploymentPostprocessing = 0;
		};
/* End PBXSourcesBuildPhase section */

/* Begin PBXVariantGroup section */
		D81E128926FD9A5000D90680 /* Main.storyboard */ = {
			isa = PBXVariantGroup;
			children = (
				D81E128A26FD9A5000D90680 /* Base */,
			);
			name = Main.storyboard;
			sourceTree = "<group>";
		};
		D81E128E26FD9A5200D90680 /* LaunchScreen.storyboard */ = {
			isa = PBXVariantGroup;
			children = (
				D81E128F26FD9A5200D90680 /* Base */,
			);
			name = LaunchScreen.storyboard;
			sourceTree = "<group>";
		};
/* End PBXVariantGroup section */

/* Begin XCBuildConfiguration section */
		D81E129226FD9A5200D90680 /* Debug */ = {
			isa = XCBuildConfiguration;
			buildSettings = {
				ALWAYS_SEARCH_USER_PATHS = NO;
				CLANG_ANALYZER_NONNULL = YES;
				CLANG_ANALYZER_NUMBER_OBJECT_CONVERSION = YES_AGGRESSIVE;
				CLANG_CXX_LANGUAGE_STANDARD = "gnu++14";
				CLANG_CXX_LIBRARY = "libc++";
				CLANG_ENABLE_MODULES = YES;
				CLANG_ENABLE_OBJC_ARC = YES;
				CLANG_ENABLE_OBJC_WEAK = YES;
				CLANG_WARN_BLOCK_CAPTURE_AUTORELEASING = YES;
				CLANG_WARN_BOOL_CONVERSION = YES;
				CLANG_WARN_COMMA = YES;
				CLANG_WARN_CONSTANT_CONVERSION = YES;
				CLANG_WARN_DEPRECATED_OBJC_IMPLEMENTATIONS = YES;
				CLANG_WARN_DIRECT_OBJC_ISA_USAGE = YES_ERROR;
				CLANG_WARN_DOCUMENTATION_COMMENTS = YES;
				CLANG_WARN_EMPTY_BODY = YES;
				CLANG_WARN_ENUM_CONVERSION = YES;
				CLANG_WARN_INFINITE_RECURSION = YES;
				CLANG_WARN_INT_CONVERSION = YES;
				CLANG_WARN_NON_LITERAL_NULL_CONVERSION = YES;
				CLANG_WARN_OBJC_IMPLICIT_RETAIN_SELF = YES;
				CLANG_WARN_OBJC_LITERAL_CONVERSION = YES;
				CLANG_WARN_OBJC_ROOT_CLASS = YES_ERROR;
				CLANG_WARN_RANGE_LOOP_ANALYSIS = YES;
				CLANG_WARN_STRICT_PROTOTYPES = YES;
				CLANG_WARN_SUSPICIOUS_MOVE = YES;
				CLANG_WARN_UNGUARDED_AVAILABILITY = YES_AGGRESSIVE;
				CLANG_WARN_UNREACHABLE_CODE = YES;
				CLANG_WARN__DUPLICATE_METHOD_MATCH = YES;
				COPY_PHASE_STRIP = NO;
				DEBUG_INFORMATION_FORMAT = dwarf;
				ENABLE_STRICT_OBJC_MSGSEND = YES;
				ENABLE_TESTABILITY = YES;
				GCC_C_LANGUAGE_STANDARD = gnu11;
				GCC_DYNAMIC_NO_PIC = NO;
				GCC_NO_COMMON_BLOCKS = YES;
				GCC_OPTIMIZATION_LEVEL = 0;
				GCC_PREPROCESSOR_DEFINITIONS = (
					"DEBUG=1",
					"$(inherited)",
				);
				GCC_WARN_64_TO_32_BIT_CONVERSION = YES;
				GCC_WARN_ABOUT_RETURN_TYPE = YES_ERROR;
				GCC_WARN_UNDECLARED_SELECTOR = YES;
				GCC_WARN_UNINITIALIZED_AUTOS = YES_AGGRESSIVE;
				GCC_WARN_UNUSED_FUNCTION = YES;
				GCC_WARN_UNUSED_VARIABLE = YES;
				IPHONEOS_DEPLOYMENT_TARGET = 13.6;
				MTL_ENABLE_DEBUG_INFO = INCLUDE_SOURCE;
				MTL_FAST_MATH = YES;
				ONLY_ACTIVE_ARCH = YES;
				SDKROOT = iphoneos;
				SWIFT_ACTIVE_COMPILATION_CONDITIONS = DEBUG;
				SWIFT_OPTIMIZATION_LEVEL = "-Onone";
			};
			name = Debug;
		};
		D81E129326FD9A5200D90680 /* Release */ = {
			isa = XCBuildConfiguration;
			buildSettings = {
				ALWAYS_SEARCH_USER_PATHS = NO;
				CLANG_ANALYZER_NONNULL = YES;
				CLANG_ANALYZER_NUMBER_OBJECT_CONVERSION = YES_AGGRESSIVE;
				CLANG_CXX_LANGUAGE_STANDARD = "gnu++14";
				CLANG_CXX_LIBRARY = "libc++";
				CLANG_ENABLE_MODULES = YES;
				CLANG_ENABLE_OBJC_ARC = YES;
				CLANG_ENABLE_OBJC_WEAK = YES;
				CLANG_WARN_BLOCK_CAPTURE_AUTORELEASING = YES;
				CLANG_WARN_BOOL_CONVERSION = YES;
				CLANG_WARN_COMMA = YES;
				CLANG_WARN_CONSTANT_CONVERSION = YES;
				CLANG_WARN_DEPRECATED_OBJC_IMPLEMENTATIONS = YES;
				CLANG_WARN_DIRECT_OBJC_ISA_USAGE = YES_ERROR;
				CLANG_WARN_DOCUMENTATION_COMMENTS = YES;
				CLANG_WARN_EMPTY_BODY = YES;
				CLANG_WARN_ENUM_CONVERSION = YES;
				CLANG_WARN_INFINITE_RECURSION = YES;
				CLANG_WARN_INT_CONVERSION = YES;
				CLANG_WARN_NON_LITERAL_NULL_CONVERSION = YES;
				CLANG_WARN_OBJC_IMPLICIT_RETAIN_SELF = YES;
				CLANG_WARN_OBJC_LITERAL_CONVERSION = YES;
				CLANG_WARN_OBJC_ROOT_CLASS = YES_ERROR;
				CLANG_WARN_RANGE_LOOP_ANALYSIS = YES;
				CLANG_WARN_STRICT_PROTOTYPES = YES;
				CLANG_WARN_SUSPICIOUS_MOVE = YES;
				CLANG_WARN_UNGUARDED_AVAILABILITY = YES_AGGRESSIVE;
				CLANG_WARN_UNREACHABLE_CODE = YES;
				CLANG_WARN__DUPLICATE_METHOD_MATCH = YES;
				COPY_PHASE_STRIP = NO;
				DEBUG_INFORMATION_FORMAT = "dwarf-with-dsym";
				ENABLE_NS_ASSERTIONS = NO;
				ENABLE_STRICT_OBJC_MSGSEND = YES;
				GCC_C_LANGUAGE_STANDARD = gnu11;
				GCC_NO_COMMON_BLOCKS = YES;
				GCC_WARN_64_TO_32_BIT_CONVERSION = YES;
				GCC_WARN_ABOUT_RETURN_TYPE = YES_ERROR;
				GCC_WARN_UNDECLARED_SELECTOR = YES;
				GCC_WARN_UNINITIALIZED_AUTOS = YES_AGGRESSIVE;
				GCC_WARN_UNUSED_FUNCTION = YES;
				GCC_WARN_UNUSED_VARIABLE = YES;
				IPHONEOS_DEPLOYMENT_TARGET = 13.6;
				MTL_ENABLE_DEBUG_INFO = NO;
				MTL_FAST_MATH = YES;
				SDKROOT = iphoneos;
				SWIFT_COMPILATION_MODE = wholemodule;
				SWIFT_OPTIMIZATION_LEVEL = "-O";
				VALIDATE_PRODUCT = YES;
			};
			name = Release;
		};
		D81E129526FD9A5200D90680 /* Debug */ = {
			isa = XCBuildConfiguration;
			baseConfigurationReference = 4BCD6D02AF0A2EF230164CA3 /* Pods-SocialX.debug.xcconfig */;
			buildSettings = {
				ASSETCATALOG_COMPILER_APPICON_NAME = AppIcon;
				CODE_SIGN_STYLE = Automatic;
				DEVELOPMENT_TEAM = 222P246J4Z;
				INFOPLIST_FILE = SocialX/Info.plist;
				LD_RUNPATH_SEARCH_PATHS = (
					"$(inherited)",
					"@executable_path/Frameworks",
				);
				PRODUCT_BUNDLE_IDENTIFIER = com.NathanRowe.SocialX;
				PRODUCT_NAME = "$(TARGET_NAME)";
				SWIFT_VERSION = 5.0;
				TARGETED_DEVICE_FAMILY = 1;
			};
			name = Debug;
		};
		D81E129626FD9A5200D90680 /* Release */ = {
			isa = XCBuildConfiguration;
			baseConfigurationReference = E5C5AD06271C2BAA1FABBC4B /* Pods-SocialX.release.xcconfig */;
			buildSettings = {
				ASSETCATALOG_COMPILER_APPICON_NAME = AppIcon;
				CODE_SIGN_STYLE = Automatic;
				DEVELOPMENT_TEAM = 222P246J4Z;
				INFOPLIST_FILE = SocialX/Info.plist;
				LD_RUNPATH_SEARCH_PATHS = (
					"$(inherited)",
					"@executable_path/Frameworks",
				);
				PRODUCT_BUNDLE_IDENTIFIER = com.NathanRowe.SocialX;
				PRODUCT_NAME = "$(TARGET_NAME)";
				SWIFT_VERSION = 5.0;
				TARGETED_DEVICE_FAMILY = 1;
			};
			name = Release;
		};
/* End XCBuildConfiguration section */

/* Begin XCConfigurationList section */
		D81E127B26FD9A5000D90680 /* Build configuration list for PBXProject "SocialX" */ = {
			isa = XCConfigurationList;
			buildConfigurations = (
				D81E129226FD9A5200D90680 /* Debug */,
				D81E129326FD9A5200D90680 /* Release */,
			);
			defaultConfigurationIsVisible = 0;
			defaultConfigurationName = Release;
		};
		D81E129426FD9A5200D90680 /* Build configuration list for PBXNativeTarget "SocialX" */ = {
			isa = XCConfigurationList;
			buildConfigurations = (
				D81E129526FD9A5200D90680 /* Debug */,
				D81E129626FD9A5200D90680 /* Release */,
			);
			defaultConfigurationIsVisible = 0;
			defaultConfigurationName = Release;
		};
/* End XCConfigurationList section */
	};
	rootObject = D81E127826FD9A5000D90680 /* Project object */;
}
